
Microsoft Visual Studio Solution File, Format Version 12.00
# Visual Studio 15
VisualStudioVersion = 15.0.26730.16
MinimumVisualStudioVersion = 10.0.40219.1
Project("{FAE04EC0-301F-11D3-BF4B-00C04F79EFBC}") = "KlassenInleiding.Wpf", "KlassenInleiding.Wpf\KlassenInleiding.Wpf.csproj", "{8BFA561A-1A55-4C1F-AE70-4D0996B1B3CC}"
EndProject
Project("{FAE04EC0-301F-11D3-BF4B-00C04F79EFBC}") = "ToDelete", "ToDelete\ToDelete.csproj", "{A3C54ACB-E0D3-424C-9740-2B9385AD8790}"
EndProject
Project("{FAE04EC0-301F-11D3-BF4B-00C04F79EFBC}") = "Garage.Lib", "Garage.Lib\Garage.Lib.csproj", "{E4B25314-1217-40A4-97FE-3DFF98892DBD}"
EndProject
Global
	GlobalSection(SolutionConfigurationPlatforms) = preSolution
		Debug|Any CPU = Debug|Any CPU
		Release|Any CPU = Release|Any CPU
	EndGlobalSection
	GlobalSection(ProjectConfigurationPlatforms) = postSolution
		{8BFA561A-1A55-4C1F-AE70-4D0996B1B3CC}.Debug|Any CPU.ActiveCfg = Debug|Any CPU
		{8BFA561A-1A55-4C1F-AE70-4D0996B1B3CC}.Debug|Any CPU.Build.0 = Debug|Any CPU
		{8BFA561A-1A55-4C1F-AE70-4D0996B1B3CC}.Release|Any CPU.ActiveCfg = Release|Any CPU
		{8BFA561A-1A55-4C1F-AE70-4D0996B1B3CC}.Release|Any CPU.Build.0 = Release|Any CPU
		{A3C54ACB-E0D3-424C-9740-2B9385AD8790}.Debug|Any CPU.ActiveCfg = Debug|Any CPU
		{A3C54ACB-E0D3-424C-9740-2B9385AD8790}.Debug|Any CPU.Build.0 = Debug|Any CPU
		{A3C54ACB-E0D3-424C-9740-2B9385AD8790}.Release|Any CPU.ActiveCfg = Release|Any CPU
		{A3C54ACB-E0D3-424C-9740-2B9385AD8790}.Release|Any CPU.Build.0 = Release|Any CPU
		{E4B25314-1217-40A4-97FE-3DFF98892DBD}.Debug|Any CPU.ActiveCfg = Debug|Any CPU
		{E4B25314-1217-40A4-97FE-3DFF98892DBD}.Debug|Any CPU.Build.0 = Debug|Any CPU
		{E4B25314-1217-40A4-97FE-3DFF98892DBD}.Release|Any CPU.ActiveCfg = Release|Any CPU
		{E4B25314-1217-40A4-97FE-3DFF98892DBD}.Release|Any CPU.Build.0 = Release|Any CPU
	EndGlobalSection
	GlobalSection(SolutionProperties) = preSolution
		HideSolutionNode = FALSE
	EndGlobalSection
	GlobalSection(ExtensibilityGlobals) = postSolution
		SolutionGuid = {EF216577-36E8-4250-8DCD-DEAAF2E26546}
	EndGlobalSection
EndGlobal
